
Microsoft Visual Studio Solution File, Format Version 12.00
# Visual Studio Version 17
VisualStudioVersion = 17.14.37411.7 d17.14
MinimumVisualStudioVersion = 10.0.40219.1
Project("{FAE04EC0-301F-11D3-BF4B-00C04F79EFBC}") = "FinalProgramacion4", "FinalProgramacion4\FinalProgramacion4.csproj", "{DF41C1B5-41FC-42BE-9FA7-038D984D8A16}"
EndProject
Global
	GlobalSection(SolutionConfigurationPlatforms) = preSolution
		Debug|Any CPU = Debug|Any CPU
		Release|Any CPU = Release|Any CPU
	EndGlobalSection
	GlobalSection(ProjectConfigurationPlatforms) = postSolution
		{DF41C1B5-41FC-42BE-9FA7-038D984D8A16}.Debug|Any CPU.ActiveCfg = Debug|Any CPU
		{DF41C1B5-41FC-42BE-9FA7-038D984D8A16}.Debug|Any CPU.Build.0 = Debug|Any CPU
		{DF41C1B5-41FC-42BE-9FA7-038D984D8A16}.Release|Any CPU.ActiveCfg = Release|Any CPU
		{DF41C1B5-41FC-42BE-9FA7-038D984D8A16}.Release|Any CPU.Build.0 = Release|Any CPU
	EndGlobalSection
	GlobalSection(SolutionProperties) = preSolution
		HideSolutionNode = FALSE
	EndGlobalSection
	GlobalSection(ExtensibilityGlobals) = postSolution
		SolutionGuid = {4CEDEC77-B638-4648-BB3B-E61449B08427}
	EndGlobalSection
EndGlobal
